Microsoft Visual Studio Solution File, Format Version 12.00
# Visual Studio 14
VisualStudioVersion = 14.0.25420.1
MinimumVisualStudioVersion = 10.0.40219.1
Project("{FAE04EC0-301F-11D3-BF4B-00C04F79EFBC}") = "Agiil.Web", "Agiil.Web\Agiil.Web.csproj", "{EA6B20FB-9F7F-49C5-BE4E-BCD59ECA1D85}"
EndProject
Project("{FAE04EC0-301F-11D3-BF4B-00C04F79EFBC}") = "Agiil.Auth", "Agiil.Auth\Agiil.Auth.csproj", "{922B2D9C-444E-451A-B626-DAE59E79C0E5}"
EndProject
Project("{FAE04EC0-301F-11D3-BF4B-00C04F79EFBC}") = "Agiil.Domain", "Agiil.Domain\Agiil.Domain.csproj", "{7196FD92-824E-4C7B-82F6-3E2845217889}"
EndProject
Project("{FAE04EC0-301F-11D3-BF4B-00C04F79EFBC}") = "Agiil.Auth.Impl", "Agiil.Auth.Impl\Agiil.Auth.Impl.csproj", "{71F8B1B3-C0F1-4D0A-BF44-1DC091EE62E3}"
EndProject
Project("{FAE04EC0-301F-11D3-BF4B-00C04F79EFBC}") = "Agiil.Bootstrap", "Agiil.Bootstrap\Agiil.Bootstrap.csproj", "{79827CF5-CC58-4F87-BBCA-162B5983C563}"
EndProject
Project("{FAE04EC0-301F-11D3-BF4B-00C04F79EFBC}") = "Agiil.Tests.Auth", "Tests\Agiil.Tests.Auth\Agiil.Tests.Auth.csproj", "{8F17A7FC-CEAB-47F6-ADA2-5B03A93D2D33}"
EndProject
Project("{2150E333-8FDC-42A3-9474-1A3956D46DE8}") = "Tests", "Tests", "{8FA578E4-76C8-4D01-954C-05D3D40AB828}"
EndProject
Project("{FAE04EC0-301F-11D3-BF4B-00C04F79EFBC}") = "Agiil.Tests.Common", "Tests\Agiil.Tests.Common\Agiil.Tests.Common.csproj", "{E15F2064-D2EA-43EF-924C-733107675FF0}"
EndProject
Project("{FAE04EC0-301F-11D3-BF4B-00C04F79EFBC}") = "Agiil.BDD", "Tests\Agiil.BDD\Agiil.BDD.csproj", "{63B32334-E2E3-4BC3-BEFE-96374AAD4093}"
EndProject
Project("{FAE04EC0-301F-11D3-BF4B-00C04F79EFBC}") = "Agiil.Tests.Web", "Tests\Agiil.Tests.Web\Agiil.Tests.Web.csproj", "{EC5947A3-0820-42E3-B332-82A6686E1784}"
EndProject
Project("{FAE04EC0-301F-11D3-BF4B-00C04F79EFBC}") = "Agiil.Data", "Agiil.Data\Agiil.Data.csproj", "{AB167238-0D06-4D8A-A646-198D63575AF5}"
EndProject
Project("{FAE04EC0-301F-11D3-BF4B-00C04F79EFBC}") = "Agiil.Tests.Data", "Tests\Agiil.Tests.Data\Agiil.Tests.Data.csproj", "{52E73660-88E8-4553-8EE4-CF8FA8FBEB3F}"
EndProject
Project("{FAE04EC0-301F-11D3-BF4B-00C04F79EFBC}") = "Agiil.Domain.Impl", "Agiil.Domain.Impl\Agiil.Domain.Impl.csproj", "{FF544749-0A04-417F-AD83-E284BBF498E7}"
EndProject
Project("{FAE04EC0-301F-11D3-BF4B-00C04F79EFBC}") = "Agiil.Tests.Domain", "Tests\Agiil.Tests.Domain\Agiil.Tests.Domain.csproj", "{992D801A-F55C-4C30-B243-78D0A0E8263C}"
EndProject
Project("{FAE04EC0-301F-11D3-BF4B-00C04F79EFBC}") = "Agiil.Web.OAuth", "Agiil.Web.OAuth\Agiil.Web.OAuth.csproj", "{9CECEC15-9B54-4DDD-B0FB-8E9E14FBBA15}"
EndProject
Project("{2150E333-8FDC-42A3-9474-1A3956D46DE8}") = "Tools", "Tools", "{C9C2673C-FBFD-4C42-A110-F64D0C77405A}"
	ProjectSection(SolutionItems) = preProject
		Tools\Run-unit-tests.sh = Tools\Run-unit-tests.sh
		Tools\Stop-webserver.sh = Tools\Stop-webserver.sh
		Tools\Travis-build.sh = Tools\Travis-build.sh
		Tools\Travis-install.sh = Tools\Travis-install.sh
		Tools\Start-webserver.sh = Tools\Start-webserver.sh
		Tools\Bump-versions.sh = Tools\Bump-versions.sh
	EndProjectSection
EndProject
Project("{FAE04EC0-301F-11D3-BF4B-00C04F79EFBC}") = "Agiil.Build.Tasks", "Tools\Agiil.Build.Tasks\Agiil.Build.Tasks.csproj", "{423DAC57-4520-471D-9430-7DBB799994EA}"
EndProject
Project("{FAE04EC0-301F-11D3-BF4B-00C04F79EFBC}") = "Agiil.ObjectMaps", "Agiil.ObjectMaps\Agiil.ObjectMaps.csproj", "{36A605F5-89BD-4FBA-BDB1-088C38E54886}"
EndProject
Project("{FAE04EC0-301F-11D3-BF4B-00C04F79EFBC}") = "Agiil.Web.Models", "Agiil.Web.Models\Agiil.Web.Models.csproj", "{53F1B62F-1BEE-4732-A1F3-433822529906}"
EndProject
Project("{FAE04EC0-301F-11D3-BF4B-00C04F79EFBC}") = "Agiil.Web.TestBuild", "Tests\Agiil.Web.TestBuild\Agiil.Web.TestBuild.csproj", "{84E2316C-4CAA-4D80-8FFF-5F876258F3BF}"
EndProject
Project("{FAE04EC0-301F-11D3-BF4B-00C04F79EFBC}") = "Agiil.Tests.BDD", "Tests\Agiil.Tests.BDD\Agiil.Tests.BDD.csproj", "{E2DF5072-C55A-4B1F-942B-32C1F759545A}"
EndProject
Project("{FAE04EC0-301F-11D3-BF4B-00C04F79EFBC}") = "Agiil.Web.Rendering", "Agiil.Web.Rendering\Agiil.Web.Rendering.csproj", "{8080A385-823C-44F0-B090-71F52337F04A}"
EndProject
Project("{FAE04EC0-301F-11D3-BF4B-00C04F79EFBC}") = "Agiil.Web.Rendering.Impl", "Agiil.Web.Rendering.Impl\Agiil.Web.Rendering.Impl.csproj", "{02F8FE6A-DB8D-44D0-903A-304E85333F32}"
EndProject
Project("{FAE04EC0-301F-11D3-BF4B-00C04F79EFBC}") = "Agiil.QueryLanguage.Antlr", "Agiil.QueryLanguage.Antlr\Agiil.QueryLanguage.Antlr.csproj", "{959D29AD-F632-4FC7-8B45-86CFC9BDA34C}"
EndProject
Project("{FAE04EC0-301F-11D3-BF4B-00C04F79EFBC}") = "Agiil.QueryLanguage.Impl", "Agiil.QueryLanguage.Impl\Agiil.QueryLanguage.Impl.csproj", "{5688F6B6-3F7F-4491-86A3-1065169678D5}"
EndProject
Project("{FAE04EC0-301F-11D3-BF4B-00C04F79EFBC}") = "Agiil.Utils", "Agiil.Utils\Agiil.Utils.csproj", "{DBDD73A5-A79D-4CD8-8EAE-1C6B7D3759D9}"
EndProject
Project("{FAE04EC0-301F-11D3-BF4B-00C04F79EFBC}") = "Agiil.Web.Client", "Agiil.Web.Client\Agiil.Web.Client.csproj", "{93B2453A-C041-4846-94F0-D0E728E23FD0}"
EndProject
Project("{2150E333-8FDC-42A3-9474-1A3956D46DE8}") = "CI configs", "CI configs", "{252CDAEF-3FB5-4C91-A3A4-36A3B347C857}"
	ProjectSection(SolutionItems) = preProject
		.appveyor.yml = .appveyor.yml
		.travis.yml = .travis.yml
		.sonarqube-analysisproperties.xml = .sonarqube-analysisproperties.xml
	EndProjectSection
EndProject
Global
	GlobalSection(SolutionConfigurationPlatforms) = preSolution
		Debug|Any CPU = Debug|Any CPU
		Release|Any CPU = Release|Any CPU
		Testing|Any CPU = Testing|Any CPU
		TravisCI|Any CPU = TravisCI|Any CPU
		AppVeyorCI|Any CPU = AppVeyorCI|Any CPU
		AppVeyorCI|x86 = AppVeyorCI|x86
	EndGlobalSection
	GlobalSection(ProjectConfigurationPlatforms) = postSolution
		{EA6B20FB-9F7F-49C5-BE4E-BCD59ECA1D85}.Debug|Any CPU.ActiveCfg = Debug|Any CPU
		{EA6B20FB-9F7F-49C5-BE4E-BCD59ECA1D85}.Debug|Any CPU.Build.0 = Debug|Any CPU
		{EA6B20FB-9F7F-49C5-BE4E-BCD59ECA1D85}.Release|Any CPU.ActiveCfg = Release|Any CPU
		{EA6B20FB-9F7F-49C5-BE4E-BCD59ECA1D85}.Release|Any CPU.Build.0 = Release|Any CPU
		{EA6B20FB-9F7F-49C5-BE4E-BCD59ECA1D85}.Testing|Any CPU.ActiveCfg = Testing|Any CPU
		{EA6B20FB-9F7F-49C5-BE4E-BCD59ECA1D85}.Testing|Any CPU.Build.0 = Testing|Any CPU
		{EA6B20FB-9F7F-49C5-BE4E-BCD59ECA1D85}.TravisCI|Any CPU.ActiveCfg = TravisCI|Any CPU
		{EA6B20FB-9F7F-49C5-BE4E-BCD59ECA1D85}.TravisCI|Any CPU.Build.0 = TravisCI|Any CPU
		{EA6B20FB-9F7F-49C5-BE4E-BCD59ECA1D85}.AppVeyorCI|Any CPU.ActiveCfg = AppVeyorCI|Any CPU
		{EA6B20FB-9F7F-49C5-BE4E-BCD59ECA1D85}.AppVeyorCI|Any CPU.Build.0 = AppVeyorCI|Any CPU
		{EA6B20FB-9F7F-49C5-BE4E-BCD59ECA1D85}.AppVeyorCI|x86.ActiveCfg = Testing|x86
		{EA6B20FB-9F7F-49C5-BE4E-BCD59ECA1D85}.AppVeyorCI|x86.Build.0 = Testing|x86
		{922B2D9C-444E-451A-B626-DAE59E79C0E5}.Debug|Any CPU.ActiveCfg = Debug|Any CPU
		{922B2D9C-444E-451A-B626-DAE59E79C0E5}.Debug|Any CPU.Build.0 = Debug|Any CPU
		{922B2D9C-444E-451A-B626-DAE59E79C0E5}.Release|Any CPU.ActiveCfg = Release|Any CPU
		{922B2D9C-444E-451A-B626-DAE59E79C0E5}.Release|Any CPU.Build.0 = Release|Any CPU
		{922B2D9C-444E-451A-B626-DAE59E79C0E5}.Testing|Any CPU.ActiveCfg = Debug|Any CPU
		{922B2D9C-444E-451A-B626-DAE59E79C0E5}.Testing|Any CPU.Build.0 = Debug|Any CPU
		{922B2D9C-444E-451A-B626-DAE59E79C0E5}.TravisCI|Any CPU.ActiveCfg = Debug|Any CPU
		{922B2D9C-444E-451A-B626-DAE59E79C0E5}.TravisCI|Any CPU.Build.0 = Debug|Any CPU
		{922B2D9C-444E-451A-B626-DAE59E79C0E5}.AppVeyorCI|Any CPU.ActiveCfg = Debug|Any CPU
		{922B2D9C-444E-451A-B626-DAE59E79C0E5}.AppVeyorCI|Any CPU.Build.0 = Debug|Any CPU
		{922B2D9C-444E-451A-B626-DAE59E79C0E5}.AppVeyorCI|x86.ActiveCfg = Debug|x86
		{922B2D9C-444E-451A-B626-DAE59E79C0E5}.AppVeyorCI|x86.Build.0 = Debug|x86
		{7196FD92-824E-4C7B-82F6-3E2845217889}.Debug|Any CPU.ActiveCfg = Debug|Any CPU
		{7196FD92-824E-4C7B-82F6-3E2845217889}.Debug|Any CPU.Build.0 = Debug|Any CPU
		{7196FD92-824E-4C7B-82F6-3E2845217889}.Release|Any CPU.ActiveCfg = Release|Any CPU
		{7196FD92-824E-4C7B-82F6-3E2845217889}.Release|Any CPU.Build.0 = Release|Any CPU
		{7196FD92-824E-4C7B-82F6-3E2845217889}.Testing|Any CPU.ActiveCfg = Debug|Any CPU
		{7196FD92-824E-4C7B-82F6-3E2845217889}.Testing|Any CPU.Build.0 = Debug|Any CPU
		{7196FD92-824E-4C7B-82F6-3E2845217889}.TravisCI|Any CPU.ActiveCfg = Debug|Any CPU
		{7196FD92-824E-4C7B-82F6-3E2845217889}.TravisCI|Any CPU.Build.0 = Debug|Any CPU
		{7196FD92-824E-4C7B-82F6-3E2845217889}.AppVeyorCI|Any CPU.ActiveCfg = Debug|Any CPU
		{7196FD92-824E-4C7B-82F6-3E2845217889}.AppVeyorCI|Any CPU.Build.0 = Debug|Any CPU
		{7196FD92-824E-4C7B-82F6-3E2845217889}.AppVeyorCI|x86.ActiveCfg = Debug|x86
		{7196FD92-824E-4C7B-82F6-3E2845217889}.AppVeyorCI|x86.Build.0 = Debug|x86
		{71F8B1B3-C0F1-4D0A-BF44-1DC091EE62E3}.Debug|Any CPU.ActiveCfg = Debug|Any CPU
		{71F8B1B3-C0F1-4D0A-BF44-1DC091EE62E3}.Debug|Any CPU.Build.0 = Debug|Any CPU
		{71F8B1B3-C0F1-4D0A-BF44-1DC091EE62E3}.Release|Any CPU.ActiveCfg = Release|Any CPU
		{71F8B1B3-C0F1-4D0A-BF44-1DC091EE62E3}.Release|Any CPU.Build.0 = Release|Any CPU
		{71F8B1B3-C0F1-4D0A-BF44-1DC091EE62E3}.Testing|Any CPU.ActiveCfg = Debug|Any CPU
		{71F8B1B3-C0F1-4D0A-BF44-1DC091EE62E3}.Testing|Any CPU.Build.0 = Debug|Any CPU
		{71F8B1B3-C0F1-4D0A-BF44-1DC091EE62E3}.TravisCI|Any CPU.ActiveCfg = Debug|Any CPU
		{71F8B1B3-C0F1-4D0A-BF44-1DC091EE62E3}.TravisCI|Any CPU.Build.0 = Debug|Any CPU
		{71F8B1B3-C0F1-4D0A-BF44-1DC091EE62E3}.AppVeyorCI|Any CPU.ActiveCfg = Debug|Any CPU
		{71F8B1B3-C0F1-4D0A-BF44-1DC091EE62E3}.AppVeyorCI|Any CPU.Build.0 = Debug|Any CPU
		{71F8B1B3-C0F1-4D0A-BF44-1DC091EE62E3}.AppVeyorCI|x86.ActiveCfg = Debug|x86
		{71F8B1B3-C0F1-4D0A-BF44-1DC091EE62E3}.AppVeyorCI|x86.Build.0 = Debug|x86
		{79827CF5-CC58-4F87-BBCA-162B5983C563}.Debug|Any CPU.ActiveCfg = Debug|Any CPU
		{79827CF5-CC58-4F87-BBCA-162B5983C563}.Debug|Any CPU.Build.0 = Debug|Any CPU
		{79827CF5-CC58-4F87-BBCA-162B5983C563}.Release|Any CPU.ActiveCfg = Release|Any CPU
		{79827CF5-CC58-4F87-BBCA-162B5983C563}.Release|Any CPU.Build.0 = Release|Any CPU
		{79827CF5-CC58-4F87-BBCA-162B5983C563}.Testing|Any CPU.ActiveCfg = Debug|Any CPU
		{79827CF5-CC58-4F87-BBCA-162B5983C563}.Testing|Any CPU.Build.0 = Debug|Any CPU
		{79827CF5-CC58-4F87-BBCA-162B5983C563}.TravisCI|Any CPU.ActiveCfg = Debug|Any CPU
		{79827CF5-CC58-4F87-BBCA-162B5983C563}.TravisCI|Any CPU.Build.0 = Debug|Any CPU
		{79827CF5-CC58-4F87-BBCA-162B5983C563}.AppVeyorCI|Any CPU.ActiveCfg = Debug|Any CPU
		{79827CF5-CC58-4F87-BBCA-162B5983C563}.AppVeyorCI|Any CPU.Build.0 = Debug|Any CPU
		{79827CF5-CC58-4F87-BBCA-162B5983C563}.AppVeyorCI|x86.ActiveCfg = Debug|x86
		{79827CF5-CC58-4F87-BBCA-162B5983C563}.AppVeyorCI|x86.Build.0 = Debug|x86
		{8F17A7FC-CEAB-47F6-ADA2-5B03A93D2D33}.Debug|Any CPU.ActiveCfg = Debug|Any CPU
		{8F17A7FC-CEAB-47F6-ADA2-5B03A93D2D33}.Debug|Any CPU.Build.0 = Debug|Any CPU
		{8F17A7FC-CEAB-47F6-ADA2-5B03A93D2D33}.Release|Any CPU.ActiveCfg = Release|Any CPU
		{8F17A7FC-CEAB-47F6-ADA2-5B03A93D2D33}.Release|Any CPU.Build.0 = Release|Any CPU
		{8F17A7FC-CEAB-47F6-ADA2-5B03A93D2D33}.Testing|Any CPU.ActiveCfg = Debug|Any CPU
		{8F17A7FC-CEAB-47F6-ADA2-5B03A93D2D33}.Testing|Any CPU.Build.0 = Debug|Any CPU
		{8F17A7FC-CEAB-47F6-ADA2-5B03A93D2D33}.TravisCI|Any CPU.ActiveCfg = Debug|Any CPU
		{8F17A7FC-CEAB-47F6-ADA2-5B03A93D2D33}.TravisCI|Any CPU.Build.0 = Debug|Any CPU
		{8F17A7FC-CEAB-47F6-ADA2-5B03A93D2D33}.AppVeyorCI|Any CPU.ActiveCfg = Debug|Any CPU
		{8F17A7FC-CEAB-47F6-ADA2-5B03A93D2D33}.AppVeyorCI|Any CPU.Build.0 = Debug|Any CPU
		{8F17A7FC-CEAB-47F6-ADA2-5B03A93D2D33}.AppVeyorCI|x86.ActiveCfg = Debug|x86
		{8F17A7FC-CEAB-47F6-ADA2-5B03A93D2D33}.AppVeyorCI|x86.Build.0 = Debug|x86
		{E15F2064-D2EA-43EF-924C-733107675FF0}.Debug|Any CPU.ActiveCfg = Debug|Any CPU
		{E15F2064-D2EA-43EF-924C-733107675FF0}.Debug|Any CPU.Build.0 = Debug|Any CPU
		{E15F2064-D2EA-43EF-924C-733107675FF0}.Release|Any CPU.ActiveCfg = Release|Any CPU
		{E15F2064-D2EA-43EF-924C-733107675FF0}.Release|Any CPU.Build.0 = Release|Any CPU
		{E15F2064-D2EA-43EF-924C-733107675FF0}.Testing|Any CPU.ActiveCfg = Debug|Any CPU
		{E15F2064-D2EA-43EF-924C-733107675FF0}.Testing|Any CPU.Build.0 = Debug|Any CPU
		{E15F2064-D2EA-43EF-924C-733107675FF0}.TravisCI|Any CPU.ActiveCfg = Debug|Any CPU
		{E15F2064-D2EA-43EF-924C-733107675FF0}.TravisCI|Any CPU.Build.0 = Debug|Any CPU
		{E15F2064-D2EA-43EF-924C-733107675FF0}.AppVeyorCI|Any CPU.ActiveCfg = Debug|Any CPU
		{E15F2064-D2EA-43EF-924C-733107675FF0}.AppVeyorCI|Any CPU.Build.0 = Debug|Any CPU
		{E15F2064-D2EA-43EF-924C-733107675FF0}.AppVeyorCI|x86.ActiveCfg = Debug|x86
		{E15F2064-D2EA-43EF-924C-733107675FF0}.AppVeyorCI|x86.Build.0 = Debug|x86
		{63B32334-E2E3-4BC3-BEFE-96374AAD4093}.Debug|Any CPU.ActiveCfg = Debug|Any CPU
		{63B32334-E2E3-4BC3-BEFE-96374AAD4093}.Debug|Any CPU.Build.0 = Debug|Any CPU
		{63B32334-E2E3-4BC3-BEFE-96374AAD4093}.Release|Any CPU.ActiveCfg = Release|Any CPU
		{63B32334-E2E3-4BC3-BEFE-96374AAD4093}.Release|Any CPU.Build.0 = Release|Any CPU
		{63B32334-E2E3-4BC3-BEFE-96374AAD4093}.Testing|Any CPU.ActiveCfg = Debug|Any CPU
		{63B32334-E2E3-4BC3-BEFE-96374AAD4093}.Testing|Any CPU.Build.0 = Debug|Any CPU
		{63B32334-E2E3-4BC3-BEFE-96374AAD4093}.TravisCI|Any CPU.ActiveCfg = Debug|Any CPU
		{63B32334-E2E3-4BC3-BEFE-96374AAD4093}.TravisCI|Any CPU.Build.0 = Debug|Any CPU
		{63B32334-E2E3-4BC3-BEFE-96374AAD4093}.AppVeyorCI|Any CPU.ActiveCfg = Debug|Any CPU
		{63B32334-E2E3-4BC3-BEFE-96374AAD4093}.AppVeyorCI|Any CPU.Build.0 = Debug|Any CPU
		{63B32334-E2E3-4BC3-BEFE-96374AAD4093}.AppVeyorCI|x86.ActiveCfg = Debug|x86
		{63B32334-E2E3-4BC3-BEFE-96374AAD4093}.AppVeyorCI|x86.Build.0 = Debug|x86
		{EC5947A3-0820-42E3-B332-82A6686E1784}.Debug|Any CPU.ActiveCfg = Debug|Any CPU
		{EC5947A3-0820-42E3-B332-82A6686E1784}.Debug|Any CPU.Build.0 = Debug|Any CPU
		{EC5947A3-0820-42E3-B332-82A6686E1784}.Release|Any CPU.ActiveCfg = Release|Any CPU
		{EC5947A3-0820-42E3-B332-82A6686E1784}.Release|Any CPU.Build.0 = Release|Any CPU
		{EC5947A3-0820-42E3-B332-82A6686E1784}.Testing|Any CPU.ActiveCfg = Debug|Any CPU
		{EC5947A3-0820-42E3-B332-82A6686E1784}.Testing|Any CPU.Build.0 = Debug|Any CPU
		{EC5947A3-0820-42E3-B332-82A6686E1784}.TravisCI|Any CPU.ActiveCfg = Debug|Any CPU
		{EC5947A3-0820-42E3-B332-82A6686E1784}.TravisCI|Any CPU.Build.0 = Debug|Any CPU
		{EC5947A3-0820-42E3-B332-82A6686E1784}.AppVeyorCI|Any CPU.ActiveCfg = Debug|Any CPU
		{EC5947A3-0820-42E3-B332-82A6686E1784}.AppVeyorCI|Any CPU.Build.0 = Debug|Any CPU
		{EC5947A3-0820-42E3-B332-82A6686E1784}.AppVeyorCI|x86.ActiveCfg = Debug|x86
		{EC5947A3-0820-42E3-B332-82A6686E1784}.AppVeyorCI|x86.Build.0 = Debug|x86
		{AB167238-0D06-4D8A-A646-198D63575AF5}.Debug|Any CPU.ActiveCfg = Debug|Any CPU
		{AB167238-0D06-4D8A-A646-198D63575AF5}.Debug|Any CPU.Build.0 = Debug|Any CPU
		{AB167238-0D06-4D8A-A646-198D63575AF5}.Release|Any CPU.ActiveCfg = Release|Any CPU
		{AB167238-0D06-4D8A-A646-198D63575AF5}.Release|Any CPU.Build.0 = Release|Any CPU
		{AB167238-0D06-4D8A-A646-198D63575AF5}.Testing|Any CPU.ActiveCfg = Debug|Any CPU
		{AB167238-0D06-4D8A-A646-198D63575AF5}.Testing|Any CPU.Build.0 = Debug|Any CPU
		{AB167238-0D06-4D8A-A646-198D63575AF5}.TravisCI|Any CPU.ActiveCfg = Debug|Any CPU
		{AB167238-0D06-4D8A-A646-198D63575AF5}.TravisCI|Any CPU.Build.0 = Debug|Any CPU
		{AB167238-0D06-4D8A-A646-198D63575AF5}.AppVeyorCI|Any CPU.ActiveCfg = Debug|Any CPU
		{AB167238-0D06-4D8A-A646-198D63575AF5}.AppVeyorCI|Any CPU.Build.0 = Debug|Any CPU
		{AB167238-0D06-4D8A-A646-198D63575AF5}.AppVeyorCI|x86.ActiveCfg = Debug|x86
		{AB167238-0D06-4D8A-A646-198D63575AF5}.AppVeyorCI|x86.Build.0 = Debug|x86
		{52E73660-88E8-4553-8EE4-CF8FA8FBEB3F}.Debug|Any CPU.ActiveCfg = Debug|Any CPU
		{52E73660-88E8-4553-8EE4-CF8FA8FBEB3F}.Debug|Any CPU.Build.0 = Debug|Any CPU
		{52E73660-88E8-4553-8EE4-CF8FA8FBEB3F}.Release|Any CPU.ActiveCfg = Release|Any CPU
		{52E73660-88E8-4553-8EE4-CF8FA8FBEB3F}.Release|Any CPU.Build.0 = Release|Any CPU
		{52E73660-88E8-4553-8EE4-CF8FA8FBEB3F}.Testing|Any CPU.ActiveCfg = Debug|Any CPU
		{52E73660-88E8-4553-8EE4-CF8FA8FBEB3F}.Testing|Any CPU.Build.0 = Debug|Any CPU
		{52E73660-88E8-4553-8EE4-CF8FA8FBEB3F}.TravisCI|Any CPU.ActiveCfg = Debug|Any CPU
		{52E73660-88E8-4553-8EE4-CF8FA8FBEB3F}.TravisCI|Any CPU.Build.0 = Debug|Any CPU
		{52E73660-88E8-4553-8EE4-CF8FA8FBEB3F}.AppVeyorCI|Any CPU.ActiveCfg = Debug|Any CPU
		{52E73660-88E8-4553-8EE4-CF8FA8FBEB3F}.AppVeyorCI|Any CPU.Build.0 = Debug|Any CPU
		{52E73660-88E8-4553-8EE4-CF8FA8FBEB3F}.AppVeyorCI|x86.ActiveCfg = Debug|x86
		{52E73660-88E8-4553-8EE4-CF8FA8FBEB3F}.AppVeyorCI|x86.Build.0 = Debug|x86
		{FF544749-0A04-417F-AD83-E284BBF498E7}.Debug|Any CPU.ActiveCfg = Debug|Any CPU
		{FF544749-0A04-417F-AD83-E284BBF498E7}.Debug|Any CPU.Build.0 = Debug|Any CPU
		{FF544749-0A04-417F-AD83-E284BBF498E7}.Release|Any CPU.ActiveCfg = Release|Any CPU
		{FF544749-0A04-417F-AD83-E284BBF498E7}.Release|Any CPU.Build.0 = Release|Any CPU
		{FF544749-0A04-417F-AD83-E284BBF498E7}.Testing|Any CPU.ActiveCfg = Debug|Any CPU
		{FF544749-0A04-417F-AD83-E284BBF498E7}.Testing|Any CPU.Build.0 = Debug|Any CPU
		{FF544749-0A04-417F-AD83-E284BBF498E7}.TravisCI|Any CPU.ActiveCfg = Debug|Any CPU
		{FF544749-0A04-417F-AD83-E284BBF498E7}.TravisCI|Any CPU.Build.0 = Debug|Any CPU
		{FF544749-0A04-417F-AD83-E284BBF498E7}.AppVeyorCI|Any CPU.ActiveCfg = Debug|Any CPU
		{FF544749-0A04-417F-AD83-E284BBF498E7}.AppVeyorCI|Any CPU.Build.0 = Debug|Any CPU
		{FF544749-0A04-417F-AD83-E284BBF498E7}.AppVeyorCI|x86.ActiveCfg = Debug|x86
		{FF544749-0A04-417F-AD83-E284BBF498E7}.AppVeyorCI|x86.Build.0 = Debug|x86
		{992D801A-F55C-4C30-B243-78D0A0E8263C}.Debug|Any CPU.ActiveCfg = Debug|Any CPU
		{992D801A-F55C-4C30-B243-78D0A0E8263C}.Debug|Any CPU.Build.0 = Debug|Any CPU
		{992D801A-F55C-4C30-B243-78D0A0E8263C}.Release|Any CPU.ActiveCfg = Release|Any CPU
		{992D801A-F55C-4C30-B243-78D0A0E8263C}.Release|Any CPU.Build.0 = Release|Any CPU
		{992D801A-F55C-4C30-B243-78D0A0E8263C}.Testing|Any CPU.ActiveCfg = Debug|Any CPU
		{992D801A-F55C-4C30-B243-78D0A0E8263C}.Testing|Any CPU.Build.0 = Debug|Any CPU
		{992D801A-F55C-4C30-B243-78D0A0E8263C}.TravisCI|Any CPU.ActiveCfg = Debug|Any CPU
		{992D801A-F55C-4C30-B243-78D0A0E8263C}.TravisCI|Any CPU.Build.0 = Debug|Any CPU
		{992D801A-F55C-4C30-B243-78D0A0E8263C}.AppVeyorCI|Any CPU.ActiveCfg = Debug|Any CPU
		{992D801A-F55C-4C30-B243-78D0A0E8263C}.AppVeyorCI|Any CPU.Build.0 = Debug|Any CPU
		{992D801A-F55C-4C30-B243-78D0A0E8263C}.AppVeyorCI|x86.ActiveCfg = Debug|x86
		{992D801A-F55C-4C30-B243-78D0A0E8263C}.AppVeyorCI|x86.Build.0 = Debug|x86
		{9CECEC15-9B54-4DDD-B0FB-8E9E14FBBA15}.Debug|Any CPU.ActiveCfg = Debug|Any CPU
		{9CECEC15-9B54-4DDD-B0FB-8E9E14FBBA15}.Debug|Any CPU.Build.0 = Debug|Any CPU
		{9CECEC15-9B54-4DDD-B0FB-8E9E14FBBA15}.Release|Any CPU.ActiveCfg = Release|Any CPU
		{9CECEC15-9B54-4DDD-B0FB-8E9E14FBBA15}.Release|Any CPU.Build.0 = Release|Any CPU
		{9CECEC15-9B54-4DDD-B0FB-8E9E14FBBA15}.Testing|Any CPU.ActiveCfg = Debug|Any CPU
		{9CECEC15-9B54-4DDD-B0FB-8E9E14FBBA15}.Testing|Any CPU.Build.0 = Debug|Any CPU
		{9CECEC15-9B54-4DDD-B0FB-8E9E14FBBA15}.TravisCI|Any CPU.ActiveCfg = Debug|Any CPU
		{9CECEC15-9B54-4DDD-B0FB-8E9E14FBBA15}.TravisCI|Any CPU.Build.0 = Debug|Any CPU
		{9CECEC15-9B54-4DDD-B0FB-8E9E14FBBA15}.AppVeyorCI|Any CPU.ActiveCfg = Debug|Any CPU
		{9CECEC15-9B54-4DDD-B0FB-8E9E14FBBA15}.AppVeyorCI|Any CPU.Build.0 = Debug|Any CPU
		{9CECEC15-9B54-4DDD-B0FB-8E9E14FBBA15}.AppVeyorCI|x86.ActiveCfg = Debug|x86
		{9CECEC15-9B54-4DDD-B0FB-8E9E14FBBA15}.AppVeyorCI|x86.Build.0 = Debug|x86
		{423DAC57-4520-471D-9430-7DBB799994EA}.Debug|Any CPU.ActiveCfg = Debug|Any CPU
		{423DAC57-4520-471D-9430-7DBB799994EA}.Debug|Any CPU.Build.0 = Debug|Any CPU
		{423DAC57-4520-471D-9430-7DBB799994EA}.Release|Any CPU.ActiveCfg = Release|Any CPU
		{423DAC57-4520-471D-9430-7DBB799994EA}.Release|Any CPU.Build.0 = Release|Any CPU
		{423DAC57-4520-471D-9430-7DBB799994EA}.Testing|Any CPU.ActiveCfg = Debug|Any CPU
		{423DAC57-4520-471D-9430-7DBB799994EA}.Testing|Any CPU.Build.0 = Debug|Any CPU
		{423DAC57-4520-471D-9430-7DBB799994EA}.TravisCI|Any CPU.ActiveCfg = Debug|Any CPU
		{423DAC57-4520-471D-9430-7DBB799994EA}.TravisCI|Any CPU.Build.0 = Debug|Any CPU
		{423DAC57-4520-471D-9430-7DBB799994EA}.AppVeyorCI|Any CPU.ActiveCfg = Debug|Any CPU
		{423DAC57-4520-471D-9430-7DBB799994EA}.AppVeyorCI|Any CPU.Build.0 = Debug|Any CPU
		{423DAC57-4520-471D-9430-7DBB799994EA}.AppVeyorCI|x86.ActiveCfg = Debug|x86
		{423DAC57-4520-471D-9430-7DBB799994EA}.AppVeyorCI|x86.Build.0 = Debug|x86
		{36A605F5-89BD-4FBA-BDB1-088C38E54886}.Debug|Any CPU.ActiveCfg = Debug|Any CPU
		{36A605F5-89BD-4FBA-BDB1-088C38E54886}.Debug|Any CPU.Build.0 = Debug|Any CPU
		{36A605F5-89BD-4FBA-BDB1-088C38E54886}.Release|Any CPU.ActiveCfg = Release|Any CPU
		{36A605F5-89BD-4FBA-BDB1-088C38E54886}.Release|Any CPU.Build.0 = Release|Any CPU
		{36A605F5-89BD-4FBA-BDB1-088C38E54886}.Testing|Any CPU.ActiveCfg = Debug|Any CPU
		{36A605F5-89BD-4FBA-BDB1-088C38E54886}.Testing|Any CPU.Build.0 = Debug|Any CPU
		{36A605F5-89BD-4FBA-BDB1-088C38E54886}.TravisCI|Any CPU.ActiveCfg = Debug|Any CPU
		{36A605F5-89BD-4FBA-BDB1-088C38E54886}.TravisCI|Any CPU.Build.0 = Debug|Any CPU
		{36A605F5-89BD-4FBA-BDB1-088C38E54886}.AppVeyorCI|Any CPU.ActiveCfg = Debug|Any CPU
		{36A605F5-89BD-4FBA-BDB1-088C38E54886}.AppVeyorCI|Any CPU.Build.0 = Debug|Any CPU
		{36A605F5-89BD-4FBA-BDB1-088C38E54886}.AppVeyorCI|x86.ActiveCfg = Debug|x86
		{36A605F5-89BD-4FBA-BDB1-088C38E54886}.AppVeyorCI|x86.Build.0 = Debug|x86
		{53F1B62F-1BEE-4732-A1F3-433822529906}.Debug|Any CPU.ActiveCfg = Debug|Any CPU
		{53F1B62F-1BEE-4732-A1F3-433822529906}.Debug|Any CPU.Build.0 = Debug|Any CPU
		{53F1B62F-1BEE-4732-A1F3-433822529906}.Release|Any CPU.ActiveCfg = Release|Any CPU
		{53F1B62F-1BEE-4732-A1F3-433822529906}.Release|Any CPU.Build.0 = Release|Any CPU
		{53F1B62F-1BEE-4732-A1F3-433822529906}.Testing|Any CPU.ActiveCfg = Debug|Any CPU
		{53F1B62F-1BEE-4732-A1F3-433822529906}.Testing|Any CPU.Build.0 = Debug|Any CPU
		{53F1B62F-1BEE-4732-A1F3-433822529906}.TravisCI|Any CPU.ActiveCfg = Debug|Any CPU
		{53F1B62F-1BEE-4732-A1F3-433822529906}.TravisCI|Any CPU.Build.0 = Debug|Any CPU
		{53F1B62F-1BEE-4732-A1F3-433822529906}.AppVeyorCI|Any CPU.ActiveCfg = Debug|Any CPU
		{53F1B62F-1BEE-4732-A1F3-433822529906}.AppVeyorCI|Any CPU.Build.0 = Debug|Any CPU
		{53F1B62F-1BEE-4732-A1F3-433822529906}.AppVeyorCI|x86.ActiveCfg = Debug|x86
		{53F1B62F-1BEE-4732-A1F3-433822529906}.AppVeyorCI|x86.Build.0 = Debug|x86
		{84E2316C-4CAA-4D80-8FFF-5F876258F3BF}.Debug|Any CPU.ActiveCfg = Debug|Any CPU
		{84E2316C-4CAA-4D80-8FFF-5F876258F3BF}.Debug|Any CPU.Build.0 = Debug|Any CPU
		{84E2316C-4CAA-4D80-8FFF-5F876258F3BF}.Release|Any CPU.ActiveCfg = Release|Any CPU
		{84E2316C-4CAA-4D80-8FFF-5F876258F3BF}.Release|Any CPU.Build.0 = Release|Any CPU
		{84E2316C-4CAA-4D80-8FFF-5F876258F3BF}.Testing|Any CPU.ActiveCfg = Testing|Any CPU
		{84E2316C-4CAA-4D80-8FFF-5F876258F3BF}.Testing|Any CPU.Build.0 = Testing|Any CPU
		{84E2316C-4CAA-4D80-8FFF-5F876258F3BF}.TravisCI|Any CPU.ActiveCfg = Testing|Any CPU
		{84E2316C-4CAA-4D80-8FFF-5F876258F3BF}.TravisCI|Any CPU.Build.0 = Testing|Any CPU
		{84E2316C-4CAA-4D80-8FFF-5F876258F3BF}.AppVeyorCI|Any CPU.ActiveCfg = Testing|Any CPU
		{84E2316C-4CAA-4D80-8FFF-5F876258F3BF}.AppVeyorCI|Any CPU.Build.0 = Testing|Any CPU
		{84E2316C-4CAA-4D80-8FFF-5F876258F3BF}.AppVeyorCI|x86.ActiveCfg = Testing|x86
		{84E2316C-4CAA-4D80-8FFF-5F876258F3BF}.AppVeyorCI|x86.Build.0 = Testing|x86
		{E2DF5072-C55A-4B1F-942B-32C1F759545A}.Debug|Any CPU.ActiveCfg = Debug|Any CPU
		{E2DF5072-C55A-4B1F-942B-32C1F759545A}.Debug|Any CPU.Build.0 = Debug|Any CPU
		{E2DF5072-C55A-4B1F-942B-32C1F759545A}.Release|Any CPU.ActiveCfg = Release|Any CPU
		{E2DF5072-C55A-4B1F-942B-32C1F759545A}.Release|Any CPU.Build.0 = Release|Any CPU
		{E2DF5072-C55A-4B1F-942B-32C1F759545A}.Testing|Any CPU.ActiveCfg = Debug|Any CPU
		{E2DF5072-C55A-4B1F-942B-32C1F759545A}.Testing|Any CPU.Build.0 = Debug|Any CPU
		{E2DF5072-C55A-4B1F-942B-32C1F759545A}.TravisCI|Any CPU.ActiveCfg = TravisCI|Any CPU
		{E2DF5072-C55A-4B1F-942B-32C1F759545A}.TravisCI|Any CPU.Build.0 = TravisCI|Any CPU
		{E2DF5072-C55A-4B1F-942B-32C1F759545A}.AppVeyorCI|Any CPU.ActiveCfg = Debug|Any CPU
		{E2DF5072-C55A-4B1F-942B-32C1F759545A}.AppVeyorCI|Any CPU.Build.0 = Debug|Any CPU
		{E2DF5072-C55A-4B1F-942B-32C1F759545A}.AppVeyorCI|x86.ActiveCfg = Debug|x86
		{E2DF5072-C55A-4B1F-942B-32C1F759545A}.AppVeyorCI|x86.Build.0 = Debug|x86
		{8080A385-823C-44F0-B090-71F52337F04A}.Debug|Any CPU.ActiveCfg = Debug|Any CPU
		{8080A385-823C-44F0-B090-71F52337F04A}.Debug|Any CPU.Build.0 = Debug|Any CPU
		{8080A385-823C-44F0-B090-71F52337F04A}.Release|Any CPU.ActiveCfg = Release|Any CPU
		{8080A385-823C-44F0-B090-71F52337F04A}.Release|Any CPU.Build.0 = Release|Any CPU
		{8080A385-823C-44F0-B090-71F52337F04A}.Testing|Any CPU.ActiveCfg = Debug|Any CPU
		{8080A385-823C-44F0-B090-71F52337F04A}.Testing|Any CPU.Build.0 = Debug|Any CPU
		{8080A385-823C-44F0-B090-71F52337F04A}.TravisCI|Any CPU.ActiveCfg = Debug|Any CPU
		{8080A385-823C-44F0-B090-71F52337F04A}.TravisCI|Any CPU.Build.0 = Debug|Any CPU
		{8080A385-823C-44F0-B090-71F52337F04A}.AppVeyorCI|Any CPU.ActiveCfg = Debug|Any CPU
		{8080A385-823C-44F0-B090-71F52337F04A}.AppVeyorCI|Any CPU.Build.0 = Debug|Any CPU
		{8080A385-823C-44F0-B090-71F52337F04A}.AppVeyorCI|x86.ActiveCfg = Debug|x86
		{8080A385-823C-44F0-B090-71F52337F04A}.AppVeyorCI|x86.Build.0 = Debug|x86
		{02F8FE6A-DB8D-44D0-903A-304E85333F32}.Debug|Any CPU.ActiveCfg = Debug|Any CPU
		{02F8FE6A-DB8D-44D0-903A-304E85333F32}.Debug|Any CPU.Build.0 = Debug|Any CPU
		{02F8FE6A-DB8D-44D0-903A-304E85333F32}.Release|Any CPU.ActiveCfg = Release|Any CPU
		{02F8FE6A-DB8D-44D0-903A-304E85333F32}.Release|Any CPU.Build.0 = Release|Any CPU
		{02F8FE6A-DB8D-44D0-903A-304E85333F32}.Testing|Any CPU.ActiveCfg = Debug|Any CPU
		{02F8FE6A-DB8D-44D0-903A-304E85333F32}.Testing|Any CPU.Build.0 = Debug|Any CPU
		{02F8FE6A-DB8D-44D0-903A-304E85333F32}.TravisCI|Any CPU.ActiveCfg = Debug|Any CPU
		{02F8FE6A-DB8D-44D0-903A-304E85333F32}.TravisCI|Any CPU.Build.0 = Debug|Any CPU
		{02F8FE6A-DB8D-44D0-903A-304E85333F32}.AppVeyorCI|Any CPU.ActiveCfg = Debug|Any CPU
		{02F8FE6A-DB8D-44D0-903A-304E85333F32}.AppVeyorCI|Any CPU.Build.0 = Debug|Any CPU
		{02F8FE6A-DB8D-44D0-903A-304E85333F32}.AppVeyorCI|x86.ActiveCfg = Debug|x86
		{02F8FE6A-DB8D-44D0-903A-304E85333F32}.AppVeyorCI|x86.Build.0 = Debug|x86
		{959D29AD-F632-4FC7-8B45-86CFC9BDA34C}.Debug|Any CPU.ActiveCfg = Debug|Any CPU
		{959D29AD-F632-4FC7-8B45-86CFC9BDA34C}.Debug|Any CPU.Build.0 = Debug|Any CPU
		{959D29AD-F632-4FC7-8B45-86CFC9BDA34C}.Release|Any CPU.ActiveCfg = Release|Any CPU
		{959D29AD-F632-4FC7-8B45-86CFC9BDA34C}.Release|Any CPU.Build.0 = Release|Any CPU
		{959D29AD-F632-4FC7-8B45-86CFC9BDA34C}.Testing|Any CPU.ActiveCfg = Debug|Any CPU
		{959D29AD-F632-4FC7-8B45-86CFC9BDA34C}.Testing|Any CPU.Build.0 = Debug|Any CPU
		{959D29AD-F632-4FC7-8B45-86CFC9BDA34C}.TravisCI|Any CPU.ActiveCfg = Debug|Any CPU
		{959D29AD-F632-4FC7-8B45-86CFC9BDA34C}.TravisCI|Any CPU.Build.0 = Debug|Any CPU
		{959D29AD-F632-4FC7-8B45-86CFC9BDA34C}.AppVeyorCI|Any CPU.ActiveCfg = Debug|Any CPU
		{959D29AD-F632-4FC7-8B45-86CFC9BDA34C}.AppVeyorCI|Any CPU.Build.0 = Debug|Any CPU
		{959D29AD-F632-4FC7-8B45-86CFC9BDA34C}.AppVeyorCI|x86.ActiveCfg = Debug|Any CPU
		{959D29AD-F632-4FC7-8B45-86CFC9BDA34C}.AppVeyorCI|x86.Build.0 = Debug|Any CPU
		{5688F6B6-3F7F-4491-86A3-1065169678D5}.Debug|Any CPU.ActiveCfg = Debug|Any CPU
		{5688F6B6-3F7F-4491-86A3-1065169678D5}.Debug|Any CPU.Build.0 = Debug|Any CPU
		{5688F6B6-3F7F-4491-86A3-1065169678D5}.Release|Any CPU.ActiveCfg = Release|Any CPU
		{5688F6B6-3F7F-4491-86A3-1065169678D5}.Release|Any CPU.Build.0 = Release|Any CPU
		{5688F6B6-3F7F-4491-86A3-1065169678D5}.Testing|Any CPU.ActiveCfg = Debug|Any CPU
		{5688F6B6-3F7F-4491-86A3-1065169678D5}.Testing|Any CPU.Build.0 = Debug|Any CPU
		{5688F6B6-3F7F-4491-86A3-1065169678D5}.TravisCI|Any CPU.ActiveCfg = Debug|Any CPU
		{5688F6B6-3F7F-4491-86A3-1065169678D5}.TravisCI|Any CPU.Build.0 = Debug|Any CPU
		{5688F6B6-3F7F-4491-86A3-1065169678D5}.AppVeyorCI|Any CPU.ActiveCfg = Debug|Any CPU
		{5688F6B6-3F7F-4491-86A3-1065169678D5}.AppVeyorCI|Any CPU.Build.0 = Debug|Any CPU
		{5688F6B6-3F7F-4491-86A3-1065169678D5}.AppVeyorCI|x86.ActiveCfg = Debug|Any CPU
		{5688F6B6-3F7F-4491-86A3-1065169678D5}.AppVeyorCI|x86.Build.0 = Debug|Any CPU
		{DBDD73A5-A79D-4CD8-8EAE-1C6B7D3759D9}.Debug|Any CPU.ActiveCfg = Debug|Any CPU
		{DBDD73A5-A79D-4CD8-8EAE-1C6B7D3759D9}.Debug|Any CPU.Build.0 = Debug|Any CPU
		{DBDD73A5-A79D-4CD8-8EAE-1C6B7D3759D9}.Release|Any CPU.ActiveCfg = Release|Any CPU
		{DBDD73A5-A79D-4CD8-8EAE-1C6B7D3759D9}.Release|Any CPU.Build.0 = Release|Any CPU
		{DBDD73A5-A79D-4CD8-8EAE-1C6B7D3759D9}.Testing|Any CPU.ActiveCfg = Debug|Any CPU
		{DBDD73A5-A79D-4CD8-8EAE-1C6B7D3759D9}.Testing|Any CPU.Build.0 = Debug|Any CPU
		{DBDD73A5-A79D-4CD8-8EAE-1C6B7D3759D9}.TravisCI|Any CPU.ActiveCfg = Debug|Any CPU
		{DBDD73A5-A79D-4CD8-8EAE-1C6B7D3759D9}.TravisCI|Any CPU.Build.0 = Debug|Any CPU
		{DBDD73A5-A79D-4CD8-8EAE-1C6B7D3759D9}.AppVeyorCI|Any CPU.ActiveCfg = Debug|Any CPU
		{DBDD73A5-A79D-4CD8-8EAE-1C6B7D3759D9}.AppVeyorCI|Any CPU.Build.0 = Debug|Any CPU
		{DBDD73A5-A79D-4CD8-8EAE-1C6B7D3759D9}.AppVeyorCI|x86.ActiveCfg = Debug|Any CPU
		{DBDD73A5-A79D-4CD8-8EAE-1C6B7D3759D9}.AppVeyorCI|x86.Build.0 = Debug|Any CPU
		{93B2453A-C041-4846-94F0-D0E728E23FD0}.Debug|Any CPU.ActiveCfg = Debug|Any CPU
		{93B2453A-C041-4846-94F0-D0E728E23FD0}.Debug|Any CPU.Build.0 = Debug|Any CPU
		{93B2453A-C041-4846-94F0-D0E728E23FD0}.Release|Any CPU.ActiveCfg = Release|Any CPU
		{93B2453A-C041-4846-94F0-D0E728E23FD0}.Release|Any CPU.Build.0 = Release|Any CPU
		{93B2453A-C041-4846-94F0-D0E728E23FD0}.Testing|Any CPU.ActiveCfg = Debug|Any CPU
		{93B2453A-C041-4846-94F0-D0E728E23FD0}.Testing|Any CPU.Build.0 = Debug|Any CPU
		{93B2453A-C041-4846-94F0-D0E728E23FD0}.TravisCI|Any CPU.ActiveCfg = Debug|Any CPU
		{93B2453A-C041-4846-94F0-D0E728E23FD0}.TravisCI|Any CPU.Build.0 = Debug|Any CPU
		{93B2453A-C041-4846-94F0-D0E728E23FD0}.AppVeyorCI|Any CPU.ActiveCfg = Debug|Any CPU
		{93B2453A-C041-4846-94F0-D0E728E23FD0}.AppVeyorCI|Any CPU.Build.0 = Debug|Any CPU
		{93B2453A-C041-4846-94F0-D0E728E23FD0}.AppVeyorCI|x86.ActiveCfg = Debug|Any CPU
		{93B2453A-C041-4846-94F0-D0E728E23FD0}.AppVeyorCI|x86.Build.0 = Debug|Any CPU
	EndGlobalSection
	GlobalSection(SolutionProperties) = preSolution
		HideSolutionNode = FALSE
	EndGlobalSection
	GlobalSection(NestedProjects) = preSolution
		{8F17A7FC-CEAB-47F6-ADA2-5B03A93D2D33} = {8FA578E4-76C8-4D01-954C-05D3D40AB828}
		{E15F2064-D2EA-43EF-924C-733107675FF0} = {8FA578E4-76C8-4D01-954C-05D3D40AB828}
		{63B32334-E2E3-4BC3-BEFE-96374AAD4093} = {8FA578E4-76C8-4D01-954C-05D3D40AB828}
		{EC5947A3-0820-42E3-B332-82A6686E1784} = {8FA578E4-76C8-4D01-954C-05D3D40AB828}
		{52E73660-88E8-4553-8EE4-CF8FA8FBEB3F} = {8FA578E4-76C8-4D01-954C-05D3D40AB828}
		{992D801A-F55C-4C30-B243-78D0A0E8263C} = {8FA578E4-76C8-4D01-954C-05D3D40AB828}
		{423DAC57-4520-471D-9430-7DBB799994EA} = {C9C2673C-FBFD-4C42-A110-F64D0C77405A}
		{84E2316C-4CAA-4D80-8FFF-5F876258F3BF} = {8FA578E4-76C8-4D01-954C-05D3D40AB828}
		{E2DF5072-C55A-4B1F-942B-32C1F759545A} = {8FA578E4-76C8-4D01-954C-05D3D40AB828}
	EndGlobalSection
	GlobalSection(MonoDevelopProperties) = preSolution
		Policies = $0
		$0.DotNetNamingPolicy = $1
		$1.DirectoryNamespaceAssociation = PrefixedHierarchical
		$1.ResourceNamePolicy = FileName
		$0.TextStylePolicy = $2
		$2.scope = text/plain
		$2.TabWidth = 2
		$2.IndentWidth = 2
		$2.NoTabsAfterNonTabs = True
		$2.EolMarker = Unix
		$2.TabsToSpaces = True
		$0.CSharpFormattingPolicy = $3
		$3.SpaceAfterControlFlowStatementKeyword = False
		$3.SpaceAfterCast = True
		$3.scope = text/x-csharp
		$3.IndentSwitchSection = False
		$3.NewLinesForBracesInAccessors = False
		$3.NewLinesForBracesInAnonymousMethods = False
		$3.NewLinesForBracesInAnonymousTypes = False
		$3.NewLinesForBracesInObjectCollectionArrayInitializers = False
		$3.NewLinesForBracesInLambdaExpressionBody = False
		$3.NewLineForMembersInObjectInit = False
		$3.NewLineForMembersInAnonymousTypes = False
		$0.StandardHeader = $4
		$0.NameConventionPolicy = $5
		$5.Rules = $6
		$6.NamingRule = $7
		$7.Name = Type Parameters
		$7.AffectedEntity = TypeParameter
		$7.VisibilityMask = VisibilityMask
		$7.NamingStyle = PascalCase
		$7.IncludeInstanceMembers = True
		$7.IncludeStaticEntities = True
		$7.RequiredPrefixes = $8
		$8.String = T
		$7.RequiredSuffixes = $9
		$9.String = Exception
		version = 0.9.0
	EndGlobalSection
EndGlobal
