Microsoft Visual Studio Solution File, Format Version 12.00
# Visual Studio 15
VisualStudioVersion = 15.0.28307.489
MinimumVisualStudioVersion = 10.0.40219.1
Project("{FAE04EC0-301F-11D3-BF4B-00C04F79EFBC}") = "Agiil.Web", "Agiil.Web\Agiil.Web.csproj", "{EA6B20FB-9F7F-49C5-BE4E-BCD59ECA1D85}"
EndProject
Project("{FAE04EC0-301F-11D3-BF4B-00C04F79EFBC}") = "Agiil.Auth", "Agiil.Auth\Agiil.Auth.csproj", "{922B2D9C-444E-451A-B626-DAE59E79C0E5}"
EndProject
Project("{FAE04EC0-301F-11D3-BF4B-00C04F79EFBC}") = "Agiil.Domain", "Agiil.Domain\Agiil.Domain.csproj", "{7196FD92-824E-4C7B-82F6-3E2845217889}"
EndProject
Project("{FAE04EC0-301F-11D3-BF4B-00C04F79EFBC}") = "Agiil.Auth.Impl", "Agiil.Auth.Impl\Agiil.Auth.Impl.csproj", "{71F8B1B3-C0F1-4D0A-BF44-1DC091EE62E3}"
EndProject
Project("{FAE04EC0-301F-11D3-BF4B-00C04F79EFBC}") = "Agiil.Bootstrap", "Agiil.Bootstrap\Agiil.Bootstrap.csproj", "{79827CF5-CC58-4F87-BBCA-162B5983C563}"
EndProject
Project("{FAE04EC0-301F-11D3-BF4B-00C04F79EFBC}") = "Agiil.Tests.Auth", "Tests\Agiil.Tests.Auth\Agiil.Tests.Auth.csproj", "{8F17A7FC-CEAB-47F6-ADA2-5B03A93D2D33}"
EndProject
Project("{2150E333-8FDC-42A3-9474-1A3956D46DE8}") = "Tests", "Tests", "{8FA578E4-76C8-4D01-954C-05D3D40AB828}"
EndProject
Project("{FAE04EC0-301F-11D3-BF4B-00C04F79EFBC}") = "Agiil.Tests.Common", "Tests\Agiil.Tests.Common\Agiil.Tests.Common.csproj", "{E15F2064-D2EA-43EF-924C-733107675FF0}"
EndProject
Project("{FAE04EC0-301F-11D3-BF4B-00C04F79EFBC}") = "Agiil.BDD", "Tests\Agiil.BDD\Agiil.BDD.csproj", "{63B32334-E2E3-4BC3-BEFE-96374AAD4093}"
EndProject
Project("{FAE04EC0-301F-11D3-BF4B-00C04F79EFBC}") = "Agiil.Tests.Data", "Tests\Agiil.Tests.Data\Agiil.Tests.Data.csproj", "{52E73660-88E8-4553-8EE4-CF8FA8FBEB3F}"
EndProject
Project("{FAE04EC0-301F-11D3-BF4B-00C04F79EFBC}") = "Agiil.Domain.Impl", "Agiil.Domain.Impl\Agiil.Domain.Impl.csproj", "{FF544749-0A04-417F-AD83-E284BBF498E7}"
EndProject
Project("{FAE04EC0-301F-11D3-BF4B-00C04F79EFBC}") = "Agiil.Tests.Domain", "Tests\Agiil.Tests.Domain\Agiil.Tests.Domain.csproj", "{992D801A-F55C-4C30-B243-78D0A0E8263C}"
EndProject
Project("{2150E333-8FDC-42A3-9474-1A3956D46DE8}") = "Tools", "Tools", "{C9C2673C-FBFD-4C42-A110-F64D0C77405A}"
	ProjectSection(SolutionItems) = preProject
		Tools\Bump-versions.sh = Tools\Bump-versions.sh
		Tools\Install.sh = Tools\Install.sh
		Tools\Run-integration-tests.sh = Tools\Run-integration-tests.sh
		Tools\Run-unit-tests.sh = Tools\Run-unit-tests.sh
		Tools\Start-webserver.sh = Tools\Start-webserver.sh
		Tools\Stop-webserver.sh = Tools\Stop-webserver.sh
		Tools\Travis-build.sh = Tools\Travis-build.sh
		Tools\Travis-install.sh = Tools\Travis-install.sh
		Tools\EnableMultiTargetingWithMono.targets = Tools\EnableMultiTargetingWithMono.targets
		Tools\Agiil.Build.Tasks.targets = Tools\Agiil.Build.Tasks.targets
		Tools\CommonProjectItems.targets = Tools\CommonProjectItems.targets
	EndProjectSection
EndProject
Project("{FAE04EC0-301F-11D3-BF4B-00C04F79EFBC}") = "Agiil.Tests.BDD", "Tests\Agiil.Tests.BDD\Agiil.Tests.BDD.csproj", "{E2DF5072-C55A-4B1F-942B-32C1F759545A}"
EndProject
Project("{FAE04EC0-301F-11D3-BF4B-00C04F79EFBC}") = "Agiil.QueryLanguage.Impl", "Agiil.QueryLanguage.Impl\Agiil.QueryLanguage.Impl.csproj", "{5688F6B6-3F7F-4491-86A3-1065169678D5}"
EndProject
Project("{FAE04EC0-301F-11D3-BF4B-00C04F79EFBC}") = "Agiil.Utils", "Agiil.Utils\Agiil.Utils.csproj", "{DBDD73A5-A79D-4CD8-8EAE-1C6B7D3759D9}"
EndProject
Project("{2150E333-8FDC-42A3-9474-1A3956D46DE8}") = "CI configs", "CI configs", "{252CDAEF-3FB5-4C91-A3A4-36A3B347C857}"
	ProjectSection(SolutionItems) = preProject
		.appveyor.yml = .appveyor.yml
		.sonarqube-analysisproperties.xml = .sonarqube-analysisproperties.xml
		.travis.yml = .travis.yml
	EndProjectSection
EndProject
Project("{FAE04EC0-301F-11D3-BF4B-00C04F79EFBC}") = "Agiil.Data", "Agiil.Data\Agiil.Data.csproj", "{366FC6AE-D4DA-41EA-AC31-AD2039C44410}"
EndProject
Project("{FAE04EC0-301F-11D3-BF4B-00C04F79EFBC}") = "Agiil.Web.OAuth", "Agiil.Web.OAuth\Agiil.Web.OAuth.csproj", "{8D200B72-A2D3-4024-A6B3-67E8BC3AA1CB}"
EndProject
Project("{FAE04EC0-301F-11D3-BF4B-00C04F79EFBC}") = "Agiil.ObjectMaps", "Agiil.ObjectMaps\Agiil.ObjectMaps.csproj", "{FDD52765-D498-46A1-A659-33925E543B5F}"
EndProject
Project("{FAE04EC0-301F-11D3-BF4B-00C04F79EFBC}") = "Agiil.Web.Models", "Agiil.Web.Models\Agiil.Web.Models.csproj", "{A5BBF1F2-D137-421A-A05E-D605C30CC862}"
EndProject
Project("{FAE04EC0-301F-11D3-BF4B-00C04F79EFBC}") = "Agiil.Web.Rendering", "Agiil.Web.Rendering\Agiil.Web.Rendering.csproj", "{2ED1E1CB-2FC5-4A44-B4B9-F2DDDD1D7001}"
EndProject
Project("{FAE04EC0-301F-11D3-BF4B-00C04F79EFBC}") = "Agiil.Web.Rendering.Impl", "Agiil.Web.Rendering.Impl\Agiil.Web.Rendering.Impl.csproj", "{8DFED0F7-7D8E-4E5D-A171-97CA1A75E3D9}"
EndProject
Project("{FAE04EC0-301F-11D3-BF4B-00C04F79EFBC}") = "Agiil.QueryLanguage.Antlr", "Agiil.QueryLanguage.Antlr\Agiil.QueryLanguage.Antlr.csproj", "{DCFFD22F-F674-443C-9DA6-CFC0F0078122}"
EndProject
Project("{FAE04EC0-301F-11D3-BF4B-00C04F79EFBC}") = "Agiil.Web.Client", "Agiil.Web.Client\Agiil.Web.Client.csproj", "{93B2453A-C041-4846-94F0-D0E728E23FD0}"
EndProject
Project("{FAE04EC0-301F-11D3-BF4B-00C04F79EFBC}") = "Agiil.Tests.Web", "Tests\Agiil.Tests.Web\Agiil.Tests.Web.csproj", "{36275E00-FFCF-4360-AD2D-0509E2E913BB}"
EndProject
Project("{FAE04EC0-301F-11D3-BF4B-00C04F79EFBC}") = "Agiil.Web.TestBuild", "Tests\Agiil.Web.TestBuild\Agiil.Web.TestBuild.csproj", "{E90BE0E6-7C24-4F94-8596-065AE5FB778B}"
EndProject
Global
	GlobalSection(SolutionConfigurationPlatforms) = preSolution
		AppVeyorCI|Any CPU = AppVeyorCI|Any CPU
		AppVeyorCI|x86 = AppVeyorCI|x86
		Debug|Any CPU = Debug|Any CPU
		Debug|x86 = Debug|x86
		Release|Any CPU = Release|Any CPU
		Release|x86 = Release|x86
		Testing|Any CPU = Testing|Any CPU
		Testing|x86 = Testing|x86
		TravisCI|Any CPU = TravisCI|Any CPU
		TravisCI|x86 = TravisCI|x86
		Default|Any CPU = Default|Any CPU
	EndGlobalSection
	GlobalSection(ProjectConfigurationPlatforms) = postSolution
		{EA6B20FB-9F7F-49C5-BE4E-BCD59ECA1D85}.AppVeyorCI|Any CPU.ActiveCfg = AppVeyorCI|Any CPU
		{EA6B20FB-9F7F-49C5-BE4E-BCD59ECA1D85}.AppVeyorCI|Any CPU.Build.0 = AppVeyorCI|Any CPU
		{EA6B20FB-9F7F-49C5-BE4E-BCD59ECA1D85}.Debug|Any CPU.ActiveCfg = Debug|Any CPU
		{EA6B20FB-9F7F-49C5-BE4E-BCD59ECA1D85}.Debug|Any CPU.Build.0 = Debug|Any CPU
		{EA6B20FB-9F7F-49C5-BE4E-BCD59ECA1D85}.Release|Any CPU.ActiveCfg = Release|Any CPU
		{EA6B20FB-9F7F-49C5-BE4E-BCD59ECA1D85}.Release|Any CPU.Build.0 = Release|Any CPU
		{EA6B20FB-9F7F-49C5-BE4E-BCD59ECA1D85}.Testing|Any CPU.ActiveCfg = Testing|Any CPU
		{EA6B20FB-9F7F-49C5-BE4E-BCD59ECA1D85}.Testing|Any CPU.Build.0 = Testing|Any CPU
		{EA6B20FB-9F7F-49C5-BE4E-BCD59ECA1D85}.TravisCI|Any CPU.ActiveCfg = TravisCI|Any CPU
		{EA6B20FB-9F7F-49C5-BE4E-BCD59ECA1D85}.TravisCI|Any CPU.Build.0 = TravisCI|Any CPU
		{922B2D9C-444E-451A-B626-DAE59E79C0E5}.AppVeyorCI|Any CPU.ActiveCfg = Debug|Any CPU
		{922B2D9C-444E-451A-B626-DAE59E79C0E5}.AppVeyorCI|Any CPU.Build.0 = Debug|Any CPU
		{922B2D9C-444E-451A-B626-DAE59E79C0E5}.Debug|Any CPU.ActiveCfg = Debug|Any CPU
		{922B2D9C-444E-451A-B626-DAE59E79C0E5}.Debug|Any CPU.Build.0 = Debug|Any CPU
		{922B2D9C-444E-451A-B626-DAE59E79C0E5}.Release|Any CPU.ActiveCfg = Release|Any CPU
		{922B2D9C-444E-451A-B626-DAE59E79C0E5}.Release|Any CPU.Build.0 = Release|Any CPU
		{922B2D9C-444E-451A-B626-DAE59E79C0E5}.Testing|Any CPU.ActiveCfg = Debug|Any CPU
		{922B2D9C-444E-451A-B626-DAE59E79C0E5}.Testing|Any CPU.Build.0 = Debug|Any CPU
		{922B2D9C-444E-451A-B626-DAE59E79C0E5}.TravisCI|Any CPU.ActiveCfg = Debug|Any CPU
		{922B2D9C-444E-451A-B626-DAE59E79C0E5}.TravisCI|Any CPU.Build.0 = Debug|Any CPU
		{7196FD92-824E-4C7B-82F6-3E2845217889}.AppVeyorCI|Any CPU.ActiveCfg = Debug|Any CPU
		{7196FD92-824E-4C7B-82F6-3E2845217889}.AppVeyorCI|Any CPU.Build.0 = Debug|Any CPU
		{7196FD92-824E-4C7B-82F6-3E2845217889}.Debug|Any CPU.ActiveCfg = Debug|Any CPU
		{7196FD92-824E-4C7B-82F6-3E2845217889}.Debug|Any CPU.Build.0 = Debug|Any CPU
		{7196FD92-824E-4C7B-82F6-3E2845217889}.Release|Any CPU.ActiveCfg = Release|Any CPU
		{7196FD92-824E-4C7B-82F6-3E2845217889}.Release|Any CPU.Build.0 = Release|Any CPU
		{7196FD92-824E-4C7B-82F6-3E2845217889}.Testing|Any CPU.ActiveCfg = Debug|Any CPU
		{7196FD92-824E-4C7B-82F6-3E2845217889}.Testing|Any CPU.Build.0 = Debug|Any CPU
		{7196FD92-824E-4C7B-82F6-3E2845217889}.TravisCI|Any CPU.ActiveCfg = Debug|Any CPU
		{7196FD92-824E-4C7B-82F6-3E2845217889}.TravisCI|Any CPU.Build.0 = Debug|Any CPU
		{71F8B1B3-C0F1-4D0A-BF44-1DC091EE62E3}.AppVeyorCI|Any CPU.ActiveCfg = Debug|Any CPU
		{71F8B1B3-C0F1-4D0A-BF44-1DC091EE62E3}.AppVeyorCI|Any CPU.Build.0 = Debug|Any CPU
		{71F8B1B3-C0F1-4D0A-BF44-1DC091EE62E3}.Debug|Any CPU.ActiveCfg = Debug|Any CPU
		{71F8B1B3-C0F1-4D0A-BF44-1DC091EE62E3}.Debug|Any CPU.Build.0 = Debug|Any CPU
		{71F8B1B3-C0F1-4D0A-BF44-1DC091EE62E3}.Release|Any CPU.ActiveCfg = Release|Any CPU
		{71F8B1B3-C0F1-4D0A-BF44-1DC091EE62E3}.Release|Any CPU.Build.0 = Release|Any CPU
		{71F8B1B3-C0F1-4D0A-BF44-1DC091EE62E3}.Testing|Any CPU.ActiveCfg = Debug|Any CPU
		{71F8B1B3-C0F1-4D0A-BF44-1DC091EE62E3}.Testing|Any CPU.Build.0 = Debug|Any CPU
		{71F8B1B3-C0F1-4D0A-BF44-1DC091EE62E3}.TravisCI|Any CPU.ActiveCfg = Debug|Any CPU
		{71F8B1B3-C0F1-4D0A-BF44-1DC091EE62E3}.TravisCI|Any CPU.Build.0 = Debug|Any CPU
		{79827CF5-CC58-4F87-BBCA-162B5983C563}.AppVeyorCI|Any CPU.ActiveCfg = Debug|Any CPU
		{79827CF5-CC58-4F87-BBCA-162B5983C563}.AppVeyorCI|Any CPU.Build.0 = Debug|Any CPU
		{79827CF5-CC58-4F87-BBCA-162B5983C563}.Debug|Any CPU.ActiveCfg = Debug|Any CPU
		{79827CF5-CC58-4F87-BBCA-162B5983C563}.Debug|Any CPU.Build.0 = Debug|Any CPU
		{79827CF5-CC58-4F87-BBCA-162B5983C563}.Release|Any CPU.ActiveCfg = Release|Any CPU
		{79827CF5-CC58-4F87-BBCA-162B5983C563}.Release|Any CPU.Build.0 = Release|Any CPU
		{79827CF5-CC58-4F87-BBCA-162B5983C563}.Testing|Any CPU.ActiveCfg = Debug|Any CPU
		{79827CF5-CC58-4F87-BBCA-162B5983C563}.Testing|Any CPU.Build.0 = Debug|Any CPU
		{79827CF5-CC58-4F87-BBCA-162B5983C563}.TravisCI|Any CPU.ActiveCfg = Debug|Any CPU
		{79827CF5-CC58-4F87-BBCA-162B5983C563}.TravisCI|Any CPU.Build.0 = Debug|Any CPU
		{8F17A7FC-CEAB-47F6-ADA2-5B03A93D2D33}.AppVeyorCI|Any CPU.ActiveCfg = Debug|Any CPU
		{8F17A7FC-CEAB-47F6-ADA2-5B03A93D2D33}.AppVeyorCI|Any CPU.Build.0 = Debug|Any CPU
		{8F17A7FC-CEAB-47F6-ADA2-5B03A93D2D33}.Debug|Any CPU.ActiveCfg = Debug|Any CPU
		{8F17A7FC-CEAB-47F6-ADA2-5B03A93D2D33}.Debug|Any CPU.Build.0 = Debug|Any CPU
		{8F17A7FC-CEAB-47F6-ADA2-5B03A93D2D33}.Release|Any CPU.ActiveCfg = Release|Any CPU
		{8F17A7FC-CEAB-47F6-ADA2-5B03A93D2D33}.Release|Any CPU.Build.0 = Release|Any CPU
		{8F17A7FC-CEAB-47F6-ADA2-5B03A93D2D33}.Testing|Any CPU.ActiveCfg = Debug|Any CPU
		{8F17A7FC-CEAB-47F6-ADA2-5B03A93D2D33}.Testing|Any CPU.Build.0 = Debug|Any CPU
		{8F17A7FC-CEAB-47F6-ADA2-5B03A93D2D33}.TravisCI|Any CPU.ActiveCfg = Debug|Any CPU
		{8F17A7FC-CEAB-47F6-ADA2-5B03A93D2D33}.TravisCI|Any CPU.Build.0 = Debug|Any CPU
		{E15F2064-D2EA-43EF-924C-733107675FF0}.AppVeyorCI|Any CPU.ActiveCfg = Debug|Any CPU
		{E15F2064-D2EA-43EF-924C-733107675FF0}.AppVeyorCI|Any CPU.Build.0 = Debug|Any CPU
		{E15F2064-D2EA-43EF-924C-733107675FF0}.Debug|Any CPU.ActiveCfg = Debug|Any CPU
		{E15F2064-D2EA-43EF-924C-733107675FF0}.Debug|Any CPU.Build.0 = Debug|Any CPU
		{E15F2064-D2EA-43EF-924C-733107675FF0}.Release|Any CPU.ActiveCfg = Release|Any CPU
		{E15F2064-D2EA-43EF-924C-733107675FF0}.Release|Any CPU.Build.0 = Release|Any CPU
		{E15F2064-D2EA-43EF-924C-733107675FF0}.Testing|Any CPU.ActiveCfg = Debug|Any CPU
		{E15F2064-D2EA-43EF-924C-733107675FF0}.Testing|Any CPU.Build.0 = Debug|Any CPU
		{E15F2064-D2EA-43EF-924C-733107675FF0}.TravisCI|Any CPU.ActiveCfg = Debug|Any CPU
		{E15F2064-D2EA-43EF-924C-733107675FF0}.TravisCI|Any CPU.Build.0 = Debug|Any CPU
		{63B32334-E2E3-4BC3-BEFE-96374AAD4093}.AppVeyorCI|Any CPU.ActiveCfg = Debug|Any CPU
		{63B32334-E2E3-4BC3-BEFE-96374AAD4093}.AppVeyorCI|Any CPU.Build.0 = Debug|Any CPU
		{63B32334-E2E3-4BC3-BEFE-96374AAD4093}.Debug|Any CPU.ActiveCfg = Debug|Any CPU
		{63B32334-E2E3-4BC3-BEFE-96374AAD4093}.Debug|Any CPU.Build.0 = Debug|Any CPU
		{63B32334-E2E3-4BC3-BEFE-96374AAD4093}.Release|Any CPU.ActiveCfg = Release|Any CPU
		{63B32334-E2E3-4BC3-BEFE-96374AAD4093}.Release|Any CPU.Build.0 = Release|Any CPU
		{63B32334-E2E3-4BC3-BEFE-96374AAD4093}.Testing|Any CPU.ActiveCfg = Debug|Any CPU
		{63B32334-E2E3-4BC3-BEFE-96374AAD4093}.Testing|Any CPU.Build.0 = Debug|Any CPU
		{63B32334-E2E3-4BC3-BEFE-96374AAD4093}.TravisCI|Any CPU.ActiveCfg = Debug|Any CPU
		{63B32334-E2E3-4BC3-BEFE-96374AAD4093}.TravisCI|Any CPU.Build.0 = Debug|Any CPU
		{52E73660-88E8-4553-8EE4-CF8FA8FBEB3F}.AppVeyorCI|Any CPU.ActiveCfg = Debug|Any CPU
		{52E73660-88E8-4553-8EE4-CF8FA8FBEB3F}.AppVeyorCI|Any CPU.Build.0 = Debug|Any CPU
		{52E73660-88E8-4553-8EE4-CF8FA8FBEB3F}.Debug|Any CPU.ActiveCfg = Debug|Any CPU
		{52E73660-88E8-4553-8EE4-CF8FA8FBEB3F}.Debug|Any CPU.Build.0 = Debug|Any CPU
		{52E73660-88E8-4553-8EE4-CF8FA8FBEB3F}.Release|Any CPU.ActiveCfg = Release|Any CPU
		{52E73660-88E8-4553-8EE4-CF8FA8FBEB3F}.Release|Any CPU.Build.0 = Release|Any CPU
		{52E73660-88E8-4553-8EE4-CF8FA8FBEB3F}.Testing|Any CPU.ActiveCfg = Debug|Any CPU
		{52E73660-88E8-4553-8EE4-CF8FA8FBEB3F}.Testing|Any CPU.Build.0 = Debug|Any CPU
		{52E73660-88E8-4553-8EE4-CF8FA8FBEB3F}.TravisCI|Any CPU.ActiveCfg = Debug|Any CPU
		{52E73660-88E8-4553-8EE4-CF8FA8FBEB3F}.TravisCI|Any CPU.Build.0 = Debug|Any CPU
		{FF544749-0A04-417F-AD83-E284BBF498E7}.AppVeyorCI|Any CPU.ActiveCfg = Debug|Any CPU
		{FF544749-0A04-417F-AD83-E284BBF498E7}.AppVeyorCI|Any CPU.Build.0 = Debug|Any CPU
		{FF544749-0A04-417F-AD83-E284BBF498E7}.Debug|Any CPU.ActiveCfg = Debug|Any CPU
		{FF544749-0A04-417F-AD83-E284BBF498E7}.Debug|Any CPU.Build.0 = Debug|Any CPU
		{FF544749-0A04-417F-AD83-E284BBF498E7}.Release|Any CPU.ActiveCfg = Release|Any CPU
		{FF544749-0A04-417F-AD83-E284BBF498E7}.Release|Any CPU.Build.0 = Release|Any CPU
		{FF544749-0A04-417F-AD83-E284BBF498E7}.Testing|Any CPU.ActiveCfg = Debug|Any CPU
		{FF544749-0A04-417F-AD83-E284BBF498E7}.Testing|Any CPU.Build.0 = Debug|Any CPU
		{FF544749-0A04-417F-AD83-E284BBF498E7}.TravisCI|Any CPU.ActiveCfg = Debug|Any CPU
		{FF544749-0A04-417F-AD83-E284BBF498E7}.TravisCI|Any CPU.Build.0 = Debug|Any CPU
		{992D801A-F55C-4C30-B243-78D0A0E8263C}.AppVeyorCI|Any CPU.ActiveCfg = Debug|Any CPU
		{992D801A-F55C-4C30-B243-78D0A0E8263C}.AppVeyorCI|Any CPU.Build.0 = Debug|Any CPU
		{992D801A-F55C-4C30-B243-78D0A0E8263C}.Debug|Any CPU.ActiveCfg = Debug|Any CPU
		{992D801A-F55C-4C30-B243-78D0A0E8263C}.Debug|Any CPU.Build.0 = Debug|Any CPU
		{992D801A-F55C-4C30-B243-78D0A0E8263C}.Release|Any CPU.ActiveCfg = Release|Any CPU
		{992D801A-F55C-4C30-B243-78D0A0E8263C}.Release|Any CPU.Build.0 = Release|Any CPU
		{992D801A-F55C-4C30-B243-78D0A0E8263C}.Testing|Any CPU.ActiveCfg = Debug|Any CPU
		{992D801A-F55C-4C30-B243-78D0A0E8263C}.Testing|Any CPU.Build.0 = Debug|Any CPU
		{992D801A-F55C-4C30-B243-78D0A0E8263C}.TravisCI|Any CPU.ActiveCfg = Debug|Any CPU
		{992D801A-F55C-4C30-B243-78D0A0E8263C}.TravisCI|Any CPU.Build.0 = Debug|Any CPU
		{E2DF5072-C55A-4B1F-942B-32C1F759545A}.AppVeyorCI|Any CPU.ActiveCfg = Debug|Any CPU
		{E2DF5072-C55A-4B1F-942B-32C1F759545A}.AppVeyorCI|Any CPU.Build.0 = Debug|Any CPU
		{E2DF5072-C55A-4B1F-942B-32C1F759545A}.Debug|Any CPU.ActiveCfg = Debug|Any CPU
		{E2DF5072-C55A-4B1F-942B-32C1F759545A}.Debug|Any CPU.Build.0 = Debug|Any CPU
		{E2DF5072-C55A-4B1F-942B-32C1F759545A}.Release|Any CPU.ActiveCfg = Release|Any CPU
		{E2DF5072-C55A-4B1F-942B-32C1F759545A}.Release|Any CPU.Build.0 = Release|Any CPU
		{E2DF5072-C55A-4B1F-942B-32C1F759545A}.Testing|Any CPU.ActiveCfg = Debug|Any CPU
		{E2DF5072-C55A-4B1F-942B-32C1F759545A}.Testing|Any CPU.Build.0 = Debug|Any CPU
		{E2DF5072-C55A-4B1F-942B-32C1F759545A}.TravisCI|Any CPU.ActiveCfg = TravisCI|Any CPU
		{E2DF5072-C55A-4B1F-942B-32C1F759545A}.TravisCI|Any CPU.Build.0 = TravisCI|Any CPU
		{5688F6B6-3F7F-4491-86A3-1065169678D5}.AppVeyorCI|Any CPU.ActiveCfg = Debug|Any CPU
		{5688F6B6-3F7F-4491-86A3-1065169678D5}.AppVeyorCI|Any CPU.Build.0 = Debug|Any CPU
		{5688F6B6-3F7F-4491-86A3-1065169678D5}.Debug|Any CPU.ActiveCfg = Debug|Any CPU
		{5688F6B6-3F7F-4491-86A3-1065169678D5}.Debug|Any CPU.Build.0 = Debug|Any CPU
		{5688F6B6-3F7F-4491-86A3-1065169678D5}.Release|Any CPU.ActiveCfg = Release|Any CPU
		{5688F6B6-3F7F-4491-86A3-1065169678D5}.Release|Any CPU.Build.0 = Release|Any CPU
		{5688F6B6-3F7F-4491-86A3-1065169678D5}.Testing|Any CPU.ActiveCfg = Debug|Any CPU
		{5688F6B6-3F7F-4491-86A3-1065169678D5}.Testing|Any CPU.Build.0 = Debug|Any CPU
		{5688F6B6-3F7F-4491-86A3-1065169678D5}.TravisCI|Any CPU.ActiveCfg = Debug|Any CPU
		{5688F6B6-3F7F-4491-86A3-1065169678D5}.TravisCI|Any CPU.Build.0 = Debug|Any CPU
		{DBDD73A5-A79D-4CD8-8EAE-1C6B7D3759D9}.AppVeyorCI|Any CPU.ActiveCfg = Debug|Any CPU
		{DBDD73A5-A79D-4CD8-8EAE-1C6B7D3759D9}.AppVeyorCI|Any CPU.Build.0 = Debug|Any CPU
		{DBDD73A5-A79D-4CD8-8EAE-1C6B7D3759D9}.Debug|Any CPU.ActiveCfg = Debug|Any CPU
		{DBDD73A5-A79D-4CD8-8EAE-1C6B7D3759D9}.Debug|Any CPU.Build.0 = Debug|Any CPU
		{DBDD73A5-A79D-4CD8-8EAE-1C6B7D3759D9}.Release|Any CPU.ActiveCfg = Release|Any CPU
		{DBDD73A5-A79D-4CD8-8EAE-1C6B7D3759D9}.Release|Any CPU.Build.0 = Release|Any CPU
		{DBDD73A5-A79D-4CD8-8EAE-1C6B7D3759D9}.Testing|Any CPU.ActiveCfg = Debug|Any CPU
		{DBDD73A5-A79D-4CD8-8EAE-1C6B7D3759D9}.Testing|Any CPU.Build.0 = Debug|Any CPU
		{DBDD73A5-A79D-4CD8-8EAE-1C6B7D3759D9}.TravisCI|Any CPU.ActiveCfg = Debug|Any CPU
		{DBDD73A5-A79D-4CD8-8EAE-1C6B7D3759D9}.TravisCI|Any CPU.Build.0 = Debug|Any CPU
		{366FC6AE-D4DA-41EA-AC31-AD2039C44410}.AppVeyorCI|Any CPU.ActiveCfg = Debug|Any CPU
		{366FC6AE-D4DA-41EA-AC31-AD2039C44410}.AppVeyorCI|Any CPU.Build.0 = Debug|Any CPU
		{366FC6AE-D4DA-41EA-AC31-AD2039C44410}.Debug|Any CPU.ActiveCfg = Debug|Any CPU
		{366FC6AE-D4DA-41EA-AC31-AD2039C44410}.Debug|Any CPU.Build.0 = Debug|Any CPU
		{366FC6AE-D4DA-41EA-AC31-AD2039C44410}.Release|Any CPU.ActiveCfg = Release|Any CPU
		{366FC6AE-D4DA-41EA-AC31-AD2039C44410}.Release|Any CPU.Build.0 = Release|Any CPU
		{366FC6AE-D4DA-41EA-AC31-AD2039C44410}.Testing|Any CPU.ActiveCfg = Debug|Any CPU
		{366FC6AE-D4DA-41EA-AC31-AD2039C44410}.Testing|Any CPU.Build.0 = Debug|Any CPU
		{366FC6AE-D4DA-41EA-AC31-AD2039C44410}.TravisCI|Any CPU.ActiveCfg = Debug|Any CPU
		{366FC6AE-D4DA-41EA-AC31-AD2039C44410}.TravisCI|Any CPU.Build.0 = Debug|Any CPU
		{8D200B72-A2D3-4024-A6B3-67E8BC3AA1CB}.AppVeyorCI|Any CPU.ActiveCfg = Debug|Any CPU
		{8D200B72-A2D3-4024-A6B3-67E8BC3AA1CB}.AppVeyorCI|Any CPU.Build.0 = Debug|Any CPU
		{8D200B72-A2D3-4024-A6B3-67E8BC3AA1CB}.Debug|Any CPU.ActiveCfg = Debug|Any CPU
		{8D200B72-A2D3-4024-A6B3-67E8BC3AA1CB}.Debug|Any CPU.Build.0 = Debug|Any CPU
		{8D200B72-A2D3-4024-A6B3-67E8BC3AA1CB}.Release|Any CPU.ActiveCfg = Release|Any CPU
		{8D200B72-A2D3-4024-A6B3-67E8BC3AA1CB}.Release|Any CPU.Build.0 = Release|Any CPU
		{8D200B72-A2D3-4024-A6B3-67E8BC3AA1CB}.Testing|Any CPU.ActiveCfg = Debug|Any CPU
		{8D200B72-A2D3-4024-A6B3-67E8BC3AA1CB}.Testing|Any CPU.Build.0 = Debug|Any CPU
		{8D200B72-A2D3-4024-A6B3-67E8BC3AA1CB}.TravisCI|Any CPU.ActiveCfg = Debug|Any CPU
		{8D200B72-A2D3-4024-A6B3-67E8BC3AA1CB}.TravisCI|Any CPU.Build.0 = Debug|Any CPU
		{FDD52765-D498-46A1-A659-33925E543B5F}.AppVeyorCI|Any CPU.ActiveCfg = Debug|Any CPU
		{FDD52765-D498-46A1-A659-33925E543B5F}.AppVeyorCI|Any CPU.Build.0 = Debug|Any CPU
		{FDD52765-D498-46A1-A659-33925E543B5F}.Debug|Any CPU.ActiveCfg = Debug|Any CPU
		{FDD52765-D498-46A1-A659-33925E543B5F}.Debug|Any CPU.Build.0 = Debug|Any CPU
		{FDD52765-D498-46A1-A659-33925E543B5F}.Release|Any CPU.ActiveCfg = Release|Any CPU
		{FDD52765-D498-46A1-A659-33925E543B5F}.Release|Any CPU.Build.0 = Release|Any CPU
		{FDD52765-D498-46A1-A659-33925E543B5F}.Testing|Any CPU.ActiveCfg = Debug|Any CPU
		{FDD52765-D498-46A1-A659-33925E543B5F}.Testing|Any CPU.Build.0 = Debug|Any CPU
		{FDD52765-D498-46A1-A659-33925E543B5F}.TravisCI|Any CPU.ActiveCfg = Debug|Any CPU
		{FDD52765-D498-46A1-A659-33925E543B5F}.TravisCI|Any CPU.Build.0 = Debug|Any CPU
		{A5BBF1F2-D137-421A-A05E-D605C30CC862}.AppVeyorCI|Any CPU.ActiveCfg = Debug|Any CPU
		{A5BBF1F2-D137-421A-A05E-D605C30CC862}.AppVeyorCI|Any CPU.Build.0 = Debug|Any CPU
		{A5BBF1F2-D137-421A-A05E-D605C30CC862}.Debug|Any CPU.ActiveCfg = Debug|Any CPU
		{A5BBF1F2-D137-421A-A05E-D605C30CC862}.Debug|Any CPU.Build.0 = Debug|Any CPU
		{A5BBF1F2-D137-421A-A05E-D605C30CC862}.Release|Any CPU.ActiveCfg = Release|Any CPU
		{A5BBF1F2-D137-421A-A05E-D605C30CC862}.Release|Any CPU.Build.0 = Release|Any CPU
		{A5BBF1F2-D137-421A-A05E-D605C30CC862}.Testing|Any CPU.ActiveCfg = Debug|Any CPU
		{A5BBF1F2-D137-421A-A05E-D605C30CC862}.Testing|Any CPU.Build.0 = Debug|Any CPU
		{A5BBF1F2-D137-421A-A05E-D605C30CC862}.TravisCI|Any CPU.ActiveCfg = Debug|Any CPU
		{A5BBF1F2-D137-421A-A05E-D605C30CC862}.TravisCI|Any CPU.Build.0 = Debug|Any CPU
		{2ED1E1CB-2FC5-4A44-B4B9-F2DDDD1D7001}.AppVeyorCI|Any CPU.ActiveCfg = Debug|Any CPU
		{2ED1E1CB-2FC5-4A44-B4B9-F2DDDD1D7001}.AppVeyorCI|Any CPU.Build.0 = Debug|Any CPU
		{2ED1E1CB-2FC5-4A44-B4B9-F2DDDD1D7001}.Debug|Any CPU.ActiveCfg = Debug|Any CPU
		{2ED1E1CB-2FC5-4A44-B4B9-F2DDDD1D7001}.Debug|Any CPU.Build.0 = Debug|Any CPU
		{2ED1E1CB-2FC5-4A44-B4B9-F2DDDD1D7001}.Release|Any CPU.ActiveCfg = Release|Any CPU
		{2ED1E1CB-2FC5-4A44-B4B9-F2DDDD1D7001}.Release|Any CPU.Build.0 = Release|Any CPU
		{2ED1E1CB-2FC5-4A44-B4B9-F2DDDD1D7001}.Testing|Any CPU.ActiveCfg = Debug|Any CPU
		{2ED1E1CB-2FC5-4A44-B4B9-F2DDDD1D7001}.Testing|Any CPU.Build.0 = Debug|Any CPU
		{2ED1E1CB-2FC5-4A44-B4B9-F2DDDD1D7001}.TravisCI|Any CPU.ActiveCfg = Debug|Any CPU
		{2ED1E1CB-2FC5-4A44-B4B9-F2DDDD1D7001}.TravisCI|Any CPU.Build.0 = Debug|Any CPU
		{8DFED0F7-7D8E-4E5D-A171-97CA1A75E3D9}.AppVeyorCI|Any CPU.ActiveCfg = Debug|Any CPU
		{8DFED0F7-7D8E-4E5D-A171-97CA1A75E3D9}.AppVeyorCI|Any CPU.Build.0 = Debug|Any CPU
		{8DFED0F7-7D8E-4E5D-A171-97CA1A75E3D9}.Debug|Any CPU.ActiveCfg = Debug|Any CPU
		{8DFED0F7-7D8E-4E5D-A171-97CA1A75E3D9}.Debug|Any CPU.Build.0 = Debug|Any CPU
		{8DFED0F7-7D8E-4E5D-A171-97CA1A75E3D9}.Release|Any CPU.ActiveCfg = Release|Any CPU
		{8DFED0F7-7D8E-4E5D-A171-97CA1A75E3D9}.Release|Any CPU.Build.0 = Release|Any CPU
		{8DFED0F7-7D8E-4E5D-A171-97CA1A75E3D9}.Testing|Any CPU.ActiveCfg = Debug|Any CPU
		{8DFED0F7-7D8E-4E5D-A171-97CA1A75E3D9}.Testing|Any CPU.Build.0 = Debug|Any CPU
		{8DFED0F7-7D8E-4E5D-A171-97CA1A75E3D9}.TravisCI|Any CPU.ActiveCfg = Debug|Any CPU
		{8DFED0F7-7D8E-4E5D-A171-97CA1A75E3D9}.TravisCI|Any CPU.Build.0 = Debug|Any CPU
		{DCFFD22F-F674-443C-9DA6-CFC0F0078122}.AppVeyorCI|Any CPU.ActiveCfg = Debug|Any CPU
		{DCFFD22F-F674-443C-9DA6-CFC0F0078122}.AppVeyorCI|Any CPU.Build.0 = Debug|Any CPU
		{DCFFD22F-F674-443C-9DA6-CFC0F0078122}.Debug|Any CPU.ActiveCfg = Debug|Any CPU
		{DCFFD22F-F674-443C-9DA6-CFC0F0078122}.Debug|Any CPU.Build.0 = Debug|Any CPU
		{DCFFD22F-F674-443C-9DA6-CFC0F0078122}.Release|Any CPU.ActiveCfg = Release|Any CPU
		{DCFFD22F-F674-443C-9DA6-CFC0F0078122}.Release|Any CPU.Build.0 = Release|Any CPU
		{DCFFD22F-F674-443C-9DA6-CFC0F0078122}.Testing|Any CPU.ActiveCfg = Debug|Any CPU
		{DCFFD22F-F674-443C-9DA6-CFC0F0078122}.Testing|Any CPU.Build.0 = Debug|Any CPU
		{DCFFD22F-F674-443C-9DA6-CFC0F0078122}.TravisCI|Any CPU.ActiveCfg = Debug|Any CPU
		{DCFFD22F-F674-443C-9DA6-CFC0F0078122}.TravisCI|Any CPU.Build.0 = Debug|Any CPU
		{93B2453A-C041-4846-94F0-D0E728E23FD0}.AppVeyorCI|Any CPU.ActiveCfg = Debug|Any CPU
		{93B2453A-C041-4846-94F0-D0E728E23FD0}.AppVeyorCI|Any CPU.Build.0 = Debug|Any CPU
		{93B2453A-C041-4846-94F0-D0E728E23FD0}.Debug|Any CPU.ActiveCfg = Debug|Any CPU
		{93B2453A-C041-4846-94F0-D0E728E23FD0}.Debug|Any CPU.Build.0 = Debug|Any CPU
		{93B2453A-C041-4846-94F0-D0E728E23FD0}.Release|Any CPU.ActiveCfg = Release|Any CPU
		{93B2453A-C041-4846-94F0-D0E728E23FD0}.Release|Any CPU.Build.0 = Release|Any CPU
		{93B2453A-C041-4846-94F0-D0E728E23FD0}.Testing|Any CPU.ActiveCfg = Debug|Any CPU
		{93B2453A-C041-4846-94F0-D0E728E23FD0}.Testing|Any CPU.Build.0 = Debug|Any CPU
		{93B2453A-C041-4846-94F0-D0E728E23FD0}.TravisCI|Any CPU.ActiveCfg = Debug|Any CPU
		{93B2453A-C041-4846-94F0-D0E728E23FD0}.TravisCI|Any CPU.Build.0 = Debug|Any CPU
		{36275E00-FFCF-4360-AD2D-0509E2E913BB}.AppVeyorCI|Any CPU.ActiveCfg = Debug|Any CPU
		{36275E00-FFCF-4360-AD2D-0509E2E913BB}.AppVeyorCI|Any CPU.Build.0 = Debug|Any CPU
		{36275E00-FFCF-4360-AD2D-0509E2E913BB}.Debug|Any CPU.ActiveCfg = Debug|Any CPU
		{36275E00-FFCF-4360-AD2D-0509E2E913BB}.Debug|Any CPU.Build.0 = Debug|Any CPU
		{36275E00-FFCF-4360-AD2D-0509E2E913BB}.Release|Any CPU.ActiveCfg = Release|Any CPU
		{36275E00-FFCF-4360-AD2D-0509E2E913BB}.Release|Any CPU.Build.0 = Release|Any CPU
		{36275E00-FFCF-4360-AD2D-0509E2E913BB}.Testing|Any CPU.ActiveCfg = Debug|Any CPU
		{36275E00-FFCF-4360-AD2D-0509E2E913BB}.Testing|Any CPU.Build.0 = Debug|Any CPU
		{36275E00-FFCF-4360-AD2D-0509E2E913BB}.TravisCI|Any CPU.ActiveCfg = Debug|Any CPU
		{36275E00-FFCF-4360-AD2D-0509E2E913BB}.TravisCI|Any CPU.Build.0 = Debug|Any CPU
		{E90BE0E6-7C24-4F94-8596-065AE5FB778B}.AppVeyorCI|Any CPU.ActiveCfg = Testing|Any CPU
		{E90BE0E6-7C24-4F94-8596-065AE5FB778B}.AppVeyorCI|Any CPU.Build.0 = Testing|Any CPU
		{E90BE0E6-7C24-4F94-8596-065AE5FB778B}.Debug|Any CPU.ActiveCfg = Debug|Any CPU
		{E90BE0E6-7C24-4F94-8596-065AE5FB778B}.Debug|Any CPU.Build.0 = Debug|Any CPU
		{E90BE0E6-7C24-4F94-8596-065AE5FB778B}.Release|Any CPU.ActiveCfg = Release|Any CPU
		{E90BE0E6-7C24-4F94-8596-065AE5FB778B}.Release|Any CPU.Build.0 = Release|Any CPU
		{E90BE0E6-7C24-4F94-8596-065AE5FB778B}.Testing|Any CPU.ActiveCfg = Testing|Any CPU
		{E90BE0E6-7C24-4F94-8596-065AE5FB778B}.Testing|Any CPU.Build.0 = Testing|Any CPU
		{E90BE0E6-7C24-4F94-8596-065AE5FB778B}.TravisCI|Any CPU.ActiveCfg = Testing|Any CPU
		{E90BE0E6-7C24-4F94-8596-065AE5FB778B}.TravisCI|Any CPU.Build.0 = Testing|Any CPU
	EndGlobalSection
	GlobalSection(SolutionProperties) = preSolution
		HideSolutionNode = FALSE
	EndGlobalSection
	GlobalSection(NestedProjects) = preSolution
		{8F17A7FC-CEAB-47F6-ADA2-5B03A93D2D33} = {8FA578E4-76C8-4D01-954C-05D3D40AB828}
		{E15F2064-D2EA-43EF-924C-733107675FF0} = {8FA578E4-76C8-4D01-954C-05D3D40AB828}
		{63B32334-E2E3-4BC3-BEFE-96374AAD4093} = {8FA578E4-76C8-4D01-954C-05D3D40AB828}
		{52E73660-88E8-4553-8EE4-CF8FA8FBEB3F} = {8FA578E4-76C8-4D01-954C-05D3D40AB828}
		{992D801A-F55C-4C30-B243-78D0A0E8263C} = {8FA578E4-76C8-4D01-954C-05D3D40AB828}
		{E2DF5072-C55A-4B1F-942B-32C1F759545A} = {8FA578E4-76C8-4D01-954C-05D3D40AB828}
		{36275E00-FFCF-4360-AD2D-0509E2E913BB} = {8FA578E4-76C8-4D01-954C-05D3D40AB828}
		{E90BE0E6-7C24-4F94-8596-065AE5FB778B} = {8FA578E4-76C8-4D01-954C-05D3D40AB828}
	EndGlobalSection
	GlobalSection(ExtensibilityGlobals) = postSolution
		SolutionGuid = {5B8A8369-1DA5-47B5-B083-14E68FBD4FED}
	EndGlobalSection
	GlobalSection(MonoDevelopProperties) = preSolution
		Policies = $0
		$0.DotNetNamingPolicy = $1
		$1.DirectoryNamespaceAssociation = PrefixedHierarchical
		$1.ResourceNamePolicy = FileName
		$0.TextStylePolicy = $2
		$2.scope = text/plain
		$2.NoTabsAfterNonTabs = True
		$2.EolMarker = Unix
		$2.TabsToSpaces = True
		$0.CSharpFormattingPolicy = $3
		$3.SpaceAfterControlFlowStatementKeyword = False
		$3.SpaceAfterCast = True
		$3.scope = text/x-csharp
		$3.IndentSwitchSection = False
		$3.NewLinesForBracesInAccessors = False
		$3.NewLinesForBracesInAnonymousMethods = False
		$3.NewLinesForBracesInAnonymousTypes = False
		$3.NewLinesForBracesInObjectCollectionArrayInitializers = False
		$3.NewLinesForBracesInLambdaExpressionBody = False
		$3.NewLineForMembersInObjectInit = False
		$3.NewLineForMembersInAnonymousTypes = False
		$0.StandardHeader = $4
		$0.NameConventionPolicy = $5
		$5.Rules = $6
		$6.NamingRule = $7
		$7.Name = Type Parameters
		$7.AffectedEntity = TypeParameter
		$7.VisibilityMask = VisibilityMask
		$7.NamingStyle = PascalCase
		$7.IncludeInstanceMembers = True
		$7.IncludeStaticEntities = True
		$7.RequiredPrefixes = $8
		$8.String = T
		$7.RequiredSuffixes = $9
		$9.String = Exception
		$0.TextStylePolicy = $10
		$10.inheritsSet = null
		$10.scope = text/x-csharp
		version = 0.10.0
	EndGlobalSection
EndGlobal
